
Microsoft Visual Studio Solution File, Format Version 12.00
# Visual Studio 14
VisualStudioVersion = 14.0.25123.0
MinimumVisualStudioVersion = 10.0.40219.1
Project("{FAE04EC0-301F-11D3-BF4B-00C04F79EFBC}") = "jamconverter", "jamconverter.csproj", "{B9E57D90-CA2D-482F-8459-8536FBDD776A}"
EndProject
Project("{FAE04EC0-301F-11D3-BF4B-00C04F79EFBC}") = "runtimelib", "runtimelib\runtimelib.csproj", "{685880A9-1C8D-46E1-86D0-BFE90BE988C8}"
EndProject
Project("{FAE04EC0-301F-11D3-BF4B-00C04F79EFBC}") = "runtimelib.tests", "runtimelib.tests\runtimelib.tests.csproj", "{C46362BF-A495-4EA5-9526-736FD2ABC7D5}"
EndProject
Project("{FAE04EC0-301F-11D3-BF4B-00C04F79EFBC}") = "csb", "..\Users\lucas\AppData\Local\Temp\jam_1819628389\csb\csb.csproj", "{4E3F8803-2CB4-4A8E-B647-8C2961E5F64F}"
EndProject
Global
	GlobalSection(SolutionConfigurationPlatforms) = preSolution
		Debug|Any CPU = Debug|Any CPU
		Release|Any CPU = Release|Any CPU
	EndGlobalSection
	GlobalSection(ProjectConfigurationPlatforms) = postSolution
		{B9E57D90-CA2D-482F-8459-8536FBDD776A}.Debug|Any CPU.ActiveCfg = Debug|Any CPU
		{B9E57D90-CA2D-482F-8459-8536FBDD776A}.Debug|Any CPU.Build.0 = Debug|Any CPU
		{B9E57D90-CA2D-482F-8459-8536FBDD776A}.Release|Any CPU.ActiveCfg = Release|Any CPU
		{B9E57D90-CA2D-482F-8459-8536FBDD776A}.Release|Any CPU.Build.0 = Release|Any CPU
		{685880A9-1C8D-46E1-86D0-BFE90BE988C8}.Debug|Any CPU.ActiveCfg = Debug|Any CPU
		{685880A9-1C8D-46E1-86D0-BFE90BE988C8}.Debug|Any CPU.Build.0 = Debug|Any CPU
		{685880A9-1C8D-46E1-86D0-BFE90BE988C8}.Release|Any CPU.ActiveCfg = Release|Any CPU
		{685880A9-1C8D-46E1-86D0-BFE90BE988C8}.Release|Any CPU.Build.0 = Release|Any CPU
		{C46362BF-A495-4EA5-9526-736FD2ABC7D5}.Debug|Any CPU.ActiveCfg = Debug|Any CPU
		{C46362BF-A495-4EA5-9526-736FD2ABC7D5}.Debug|Any CPU.Build.0 = Debug|Any CPU
		{C46362BF-A495-4EA5-9526-736FD2ABC7D5}.Release|Any CPU.ActiveCfg = Release|Any CPU
		{C46362BF-A495-4EA5-9526-736FD2ABC7D5}.Release|Any CPU.Build.0 = Release|Any CPU
		{4E3F8803-2CB4-4A8E-B647-8C2961E5F64F}.Debug|Any CPU.ActiveCfg = Debug|Any CPU
		{4E3F8803-2CB4-4A8E-B647-8C2961E5F64F}.Debug|Any CPU.Build.0 = Debug|Any CPU
		{4E3F8803-2CB4-4A8E-B647-8C2961E5F64F}.Release|Any CPU.ActiveCfg = Release|Any CPU
		{4E3F8803-2CB4-4A8E-B647-8C2961E5F64F}.Release|Any CPU.Build.0 = Release|Any CPU
	EndGlobalSection
	GlobalSection(SolutionProperties) = preSolution
		HideSolutionNode = FALSE
	EndGlobalSection
EndGlobal
